
Microsoft Visual Studio Solution File, Format Version 12.00
# Visual Studio 15
VisualStudioVersion = 15.0.28010.2036
MinimumVisualStudioVersion = 10.0.40219.1
Project("{FAE04EC0-301F-11D3-BF4B-00C04F79EFBC}") = "StarWarsXF.Android", "StarWarsXF\StarWarsXF.Android\StarWarsXF.Android.csproj", "{7F0C92CD-4BC4-4D59-ABF0-3AF12A8A8E67}"
EndProject
Project("{FAE04EC0-301F-11D3-BF4B-00C04F79EFBC}") = "StarWarsXF.iOS", "StarWarsXF\StarWarsXF.iOS\StarWarsXF.iOS.csproj", "{CEADAC46-09EC-4016-9A90-F40A51ED76BA}"
EndProject
Project("{FAE04EC0-301F-11D3-BF4B-00C04F79EFBC}") = "StarWarsXF.UWP", "StarWarsXF\StarWarsXF.UWP\StarWarsXF.UWP.csproj", "{6E143F72-8936-42AF-B21D-631C172BF7FB}"
EndProject
Project("{9A19103F-16F7-4668-BE54-9A1E7A4F7556}") = "StarWarsXF", "StarWarsXF\StarWarsXF\StarWarsXF.csproj", "{35C2BEB3-CDE6-45AF-B344-86AC890BBA90}"
EndProject
Project("{9A19103F-16F7-4668-BE54-9A1E7A4F7556}") = "StarWars.Domain", "StarWars.Domain\StarWars.Domain.csproj", "{5C94289A-B0C7-4C24-9A86-58DAF2B9D9C3}"
EndProject
Project("{9A19103F-16F7-4668-BE54-9A1E7A4F7556}") = "StarWars.Data", "StarWars.Data\StarWars.Data.csproj", "{6FC78897-2324-4B73-98FF-8B7FCBDD95DC}"
EndProject
Project("{9A19103F-16F7-4668-BE54-9A1E7A4F7556}") = "DummyConsole", "DummyConsole\DummyConsole.csproj", "{12795C63-B44B-4094-8AC1-49874B27FA2B}"
EndProject
Project("{FAE04EC0-301F-11D3-BF4B-00C04F79EFBC}") = "StarWarsXF.Tests", "StarWarsXF.Tests\StarWarsXF.Tests.csproj", "{C829C35B-5973-4D35-B25B-DCA052758553}"
EndProject
Global
	GlobalSection(SolutionConfigurationPlatforms) = preSolution
		Ad-Hoc|Any CPU = Ad-Hoc|Any CPU
		Ad-Hoc|ARM = Ad-Hoc|ARM
		Ad-Hoc|iPhone = Ad-Hoc|iPhone
		Ad-Hoc|iPhoneSimulator = Ad-Hoc|iPhoneSimulator
		Ad-Hoc|x64 = Ad-Hoc|x64
		Ad-Hoc|x86 = Ad-Hoc|x86
		AppStore|Any CPU = AppStore|Any CPU
		AppStore|ARM = AppStore|ARM
		AppStore|iPhone = AppStore|iPhone
		AppStore|iPhoneSimulator = AppStore|iPhoneSimulator
		AppStore|x64 = AppStore|x64
		AppStore|x86 = AppStore|x86
		Debug|Any CPU = Debug|Any CPU
		Debug|ARM = Debug|ARM
		Debug|iPhone = Debug|iPhone
		Debug|iPhoneSimulator = Debug|iPhoneSimulator
		Debug|x64 = Debug|x64
		Debug|x86 = Debug|x86
		Release|Any CPU = Release|Any CPU
		Release|ARM = Release|ARM
		Release|iPhone = Release|iPhone
		Release|iPhoneSimulator = Release|iPhoneSimulator
		Release|x64 = Release|x64
		Release|x86 = Release|x86
	EndGlobalSection
	GlobalSection(ProjectConfigurationPlatforms) = postSolution
		{7F0C92CD-4BC4-4D59-ABF0-3AF12A8A8E67}.Ad-Hoc|Any CPU.ActiveCfg = Release|Any CPU
		{7F0C92CD-4BC4-4D59-ABF0-3AF12A8A8E67}.Ad-Hoc|Any CPU.Build.0 = Release|Any CPU
		{7F0C92CD-4BC4-4D59-ABF0-3AF12A8A8E67}.Ad-Hoc|Any CPU.Deploy.0 = Release|Any CPU
		{7F0C92CD-4BC4-4D59-ABF0-3AF12A8A8E67}.Ad-Hoc|ARM.ActiveCfg = Release|Any CPU
		{7F0C92CD-4BC4-4D59-ABF0-3AF12A8A8E67}.Ad-Hoc|ARM.Build.0 = Release|Any CPU
		{7F0C92CD-4BC4-4D59-ABF0-3AF12A8A8E67}.Ad-Hoc|ARM.Deploy.0 = Release|Any CPU
		{7F0C92CD-4BC4-4D59-ABF0-3AF12A8A8E67}.Ad-Hoc|iPhone.ActiveCfg = Release|Any CPU
		{7F0C92CD-4BC4-4D59-ABF0-3AF12A8A8E67}.Ad-Hoc|iPhone.Build.0 = Release|Any CPU
		{7F0C92CD-4BC4-4D59-ABF0-3AF12A8A8E67}.Ad-Hoc|iPhone.Deploy.0 = Release|Any CPU
		{7F0C92CD-4BC4-4D59-ABF0-3AF12A8A8E67}.Ad-Hoc|iPhoneSimulator.ActiveCfg = Release|Any CPU
		{7F0C92CD-4BC4-4D59-ABF0-3AF12A8A8E67}.Ad-Hoc|iPhoneSimulator.Build.0 = Release|Any CPU
		{7F0C92CD-4BC4-4D59-ABF0-3AF12A8A8E67}.Ad-Hoc|iPhoneSimulator.Deploy.0 = Release|Any CPU
		{7F0C92CD-4BC4-4D59-ABF0-3AF12A8A8E67}.Ad-Hoc|x64.ActiveCfg = Release|Any CPU
		{7F0C92CD-4BC4-4D59-ABF0-3AF12A8A8E67}.Ad-Hoc|x64.Build.0 = Release|Any CPU
		{7F0C92CD-4BC4-4D59-ABF0-3AF12A8A8E67}.Ad-Hoc|x64.Deploy.0 = Release|Any CPU
		{7F0C92CD-4BC4-4D59-ABF0-3AF12A8A8E67}.Ad-Hoc|x86.ActiveCfg = Release|Any CPU
		{7F0C92CD-4BC4-4D59-ABF0-3AF12A8A8E67}.Ad-Hoc|x86.Build.0 = Release|Any CPU
		{7F0C92CD-4BC4-4D59-ABF0-3AF12A8A8E67}.Ad-Hoc|x86.Deploy.0 = Release|Any CPU
		{7F0C92CD-4BC4-4D59-ABF0-3AF12A8A8E67}.AppStore|Any CPU.ActiveCfg = Release|Any CPU
		{7F0C92CD-4BC4-4D59-ABF0-3AF12A8A8E67}.AppStore|Any CPU.Build.0 = Release|Any CPU
		{7F0C92CD-4BC4-4D59-ABF0-3AF12A8A8E67}.AppStore|Any CPU.Deploy.0 = Release|Any CPU
		{7F0C92CD-4BC4-4D59-ABF0-3AF12A8A8E67}.AppStore|ARM.ActiveCfg = Release|Any CPU
		{7F0C92CD-4BC4-4D59-ABF0-3AF12A8A8E67}.AppStore|ARM.Build.0 = Release|Any CPU
		{7F0C92CD-4BC4-4D59-ABF0-3AF12A8A8E67}.AppStore|ARM.Deploy.0 = Release|Any CPU
		{7F0C92CD-4BC4-4D59-ABF0-3AF12A8A8E67}.AppStore|iPhone.ActiveCfg = Release|Any CPU
		{7F0C92CD-4BC4-4D59-ABF0-3AF12A8A8E67}.AppStore|iPhone.Build.0 = Release|Any CPU
		{7F0C92CD-4BC4-4D59-ABF0-3AF12A8A8E67}.AppStore|iPhone.Deploy.0 = Release|Any CPU
		{7F0C92CD-4BC4-4D59-ABF0-3AF12A8A8E67}.AppStore|iPhoneSimulator.ActiveCfg = Release|Any CPU
		{7F0C92CD-4BC4-4D59-ABF0-3AF12A8A8E67}.AppStore|iPhoneSimulator.Build.0 = Release|Any CPU
		{7F0C92CD-4BC4-4D59-ABF0-3AF12A8A8E67}.AppStore|iPhoneSimulator.Deploy.0 = Release|Any CPU
		{7F0C92CD-4BC4-4D59-ABF0-3AF12A8A8E67}.AppStore|x64.ActiveCfg = Release|Any CPU
		{7F0C92CD-4BC4-4D59-ABF0-3AF12A8A8E67}.AppStore|x64.Build.0 = Release|Any CPU
		{7F0C92CD-4BC4-4D59-ABF0-3AF12A8A8E67}.AppStore|x64.Deploy.0 = Release|Any CPU
		{7F0C92CD-4BC4-4D59-ABF0-3AF12A8A8E67}.AppStore|x86.ActiveCfg = Release|Any CPU
		{7F0C92CD-4BC4-4D59-ABF0-3AF12A8A8E67}.AppStore|x86.Build.0 = Release|Any CPU
		{7F0C92CD-4BC4-4D59-ABF0-3AF12A8A8E67}.AppStore|x86.Deploy.0 = Release|Any CPU
		{7F0C92CD-4BC4-4D59-ABF0-3AF12A8A8E67}.Debug|Any CPU.ActiveCfg = Debug|Any CPU
		{7F0C92CD-4BC4-4D59-ABF0-3AF12A8A8E67}.Debug|Any CPU.Build.0 = Debug|Any CPU
		{7F0C92CD-4BC4-4D59-ABF0-3AF12A8A8E67}.Debug|Any CPU.Deploy.0 = Debug|Any CPU
		{7F0C92CD-4BC4-4D59-ABF0-3AF12A8A8E67}.Debug|ARM.ActiveCfg = Debug|Any CPU
		{7F0C92CD-4BC4-4D59-ABF0-3AF12A8A8E67}.Debug|ARM.Build.0 = Debug|Any CPU
		{7F0C92CD-4BC4-4D59-ABF0-3AF12A8A8E67}.Debug|ARM.Deploy.0 = Debug|Any CPU
		{7F0C92CD-4BC4-4D59-ABF0-3AF12A8A8E67}.Debug|iPhone.ActiveCfg = Debug|Any CPU
		{7F0C92CD-4BC4-4D59-ABF0-3AF12A8A8E67}.Debug|iPhone.Build.0 = Debug|Any CPU
		{7F0C92CD-4BC4-4D59-ABF0-3AF12A8A8E67}.Debug|iPhone.Deploy.0 = Debug|Any CPU
		{7F0C92CD-4BC4-4D59-ABF0-3AF12A8A8E67}.Debug|iPhoneSimulator.ActiveCfg = Debug|Any CPU
		{7F0C92CD-4BC4-4D59-ABF0-3AF12A8A8E67}.Debug|iPhoneSimulator.Build.0 = Debug|Any CPU
		{7F0C92CD-4BC4-4D59-ABF0-3AF12A8A8E67}.Debug|iPhoneSimulator.Deploy.0 = Debug|Any CPU
		{7F0C92CD-4BC4-4D59-ABF0-3AF12A8A8E67}.Debug|x64.ActiveCfg = Debug|Any CPU
		{7F0C92CD-4BC4-4D59-ABF0-3AF12A8A8E67}.Debug|x64.Build.0 = Debug|Any CPU
		{7F0C92CD-4BC4-4D59-ABF0-3AF12A8A8E67}.Debug|x64.Deploy.0 = Debug|Any CPU
		{7F0C92CD-4BC4-4D59-ABF0-3AF12A8A8E67}.Debug|x86.ActiveCfg = Debug|Any CPU
		{7F0C92CD-4BC4-4D59-ABF0-3AF12A8A8E67}.Debug|x86.Build.0 = Debug|Any CPU
		{7F0C92CD-4BC4-4D59-ABF0-3AF12A8A8E67}.Debug|x86.Deploy.0 = Debug|Any CPU
		{7F0C92CD-4BC4-4D59-ABF0-3AF12A8A8E67}.Release|Any CPU.ActiveCfg = Release|Any CPU
		{7F0C92CD-4BC4-4D59-ABF0-3AF12A8A8E67}.Release|Any CPU.Build.0 = Release|Any CPU
		{7F0C92CD-4BC4-4D59-ABF0-3AF12A8A8E67}.Release|Any CPU.Deploy.0 = Release|Any CPU
		{7F0C92CD-4BC4-4D59-ABF0-3AF12A8A8E67}.Release|ARM.ActiveCfg = Release|Any CPU
		{7F0C92CD-4BC4-4D59-ABF0-3AF12A8A8E67}.Release|ARM.Build.0 = Release|Any CPU
		{7F0C92CD-4BC4-4D59-ABF0-3AF12A8A8E67}.Release|ARM.Deploy.0 = Release|Any CPU
		{7F0C92CD-4BC4-4D59-ABF0-3AF12A8A8E67}.Release|iPhone.ActiveCfg = Release|Any CPU
		{7F0C92CD-4BC4-4D59-ABF0-3AF12A8A8E67}.Release|iPhone.Build.0 = Release|Any CPU
		{7F0C92CD-4BC4-4D59-ABF0-3AF12A8A8E67}.Release|iPhone.Deploy.0 = Release|Any CPU
		{7F0C92CD-4BC4-4D59-ABF0-3AF12A8A8E67}.Release|iPhoneSimulator.ActiveCfg = Release|Any CPU
		{7F0C92CD-4BC4-4D59-ABF0-3AF12A8A8E67}.Release|iPhoneSimulator.Build.0 = Release|Any CPU
		{7F0C92CD-4BC4-4D59-ABF0-3AF12A8A8E67}.Release|iPhoneSimulator.Deploy.0 = Release|Any CPU
		{7F0C92CD-4BC4-4D59-ABF0-3AF12A8A8E67}.Release|x64.ActiveCfg = Release|Any CPU
		{7F0C92CD-4BC4-4D59-ABF0-3AF12A8A8E67}.Release|x64.Build.0 = Release|Any CPU
		{7F0C92CD-4BC4-4D59-ABF0-3AF12A8A8E67}.Release|x64.Deploy.0 = Release|Any CPU
		{7F0C92CD-4BC4-4D59-ABF0-3AF12A8A8E67}.Release|x86.ActiveCfg = Release|Any CPU
		{7F0C92CD-4BC4-4D59-ABF0-3AF12A8A8E67}.Release|x86.Build.0 = Release|Any CPU
		{7F0C92CD-4BC4-4D59-ABF0-3AF12A8A8E67}.Release|x86.Deploy.0 = Release|Any CPU
		{CEADAC46-09EC-4016-9A90-F40A51ED76BA}.Ad-Hoc|Any CPU.ActiveCfg = Ad-Hoc|iPhone
		{CEADAC46-09EC-4016-9A90-F40A51ED76BA}.Ad-Hoc|Any CPU.Build.0 = Ad-Hoc|iPhone
		{CEADAC46-09EC-4016-9A90-F40A51ED76BA}.Ad-Hoc|Any CPU.Deploy.0 = Ad-Hoc|iPhone
		{CEADAC46-09EC-4016-9A90-F40A51ED76BA}.Ad-Hoc|ARM.ActiveCfg = Ad-Hoc|iPhone
		{CEADAC46-09EC-4016-9A90-F40A51ED76BA}.Ad-Hoc|ARM.Build.0 = Ad-Hoc|iPhone
		{CEADAC46-09EC-4016-9A90-F40A51ED76BA}.Ad-Hoc|ARM.Deploy.0 = Ad-Hoc|iPhone
		{CEADAC46-09EC-4016-9A90-F40A51ED76BA}.Ad-Hoc|iPhone.ActiveCfg = Ad-Hoc|iPhone
		{CEADAC46-09EC-4016-9A90-F40A51ED76BA}.Ad-Hoc|iPhone.Build.0 = Ad-Hoc|iPhone
		{CEADAC46-09EC-4016-9A90-F40A51ED76BA}.Ad-Hoc|iPhone.Deploy.0 = Ad-Hoc|iPhone
		{CEADAC46-09EC-4016-9A90-F40A51ED76BA}.Ad-Hoc|iPhoneSimulator.ActiveCfg = Ad-Hoc|iPhoneSimulator
		{CEADAC46-09EC-4016-9A90-F40A51ED76BA}.Ad-Hoc|iPhoneSimulator.Build.0 = Ad-Hoc|iPhoneSimulator
		{CEADAC46-09EC-4016-9A90-F40A51ED76BA}.Ad-Hoc|iPhoneSimulator.Deploy.0 = Ad-Hoc|iPhoneSimulator
		{CEADAC46-09EC-4016-9A90-F40A51ED76BA}.Ad-Hoc|x64.ActiveCfg = Ad-Hoc|iPhone
		{CEADAC46-09EC-4016-9A90-F40A51ED76BA}.Ad-Hoc|x64.Build.0 = Ad-Hoc|iPhone
		{CEADAC46-09EC-4016-9A90-F40A51ED76BA}.Ad-Hoc|x64.Deploy.0 = Ad-Hoc|iPhone
		{CEADAC46-09EC-4016-9A90-F40A51ED76BA}.Ad-Hoc|x86.ActiveCfg = Ad-Hoc|iPhone
		{CEADAC46-09EC-4016-9A90-F40A51ED76BA}.Ad-Hoc|x86.Build.0 = Ad-Hoc|iPhone
		{CEADAC46-09EC-4016-9A90-F40A51ED76BA}.Ad-Hoc|x86.Deploy.0 = Ad-Hoc|iPhone
		{CEADAC46-09EC-4016-9A90-F40A51ED76BA}.AppStore|Any CPU.ActiveCfg = AppStore|iPhone
		{CEADAC46-09EC-4016-9A90-F40A51ED76BA}.AppStore|Any CPU.Build.0 = AppStore|iPhone
		{CEADAC46-09EC-4016-9A90-F40A51ED76BA}.AppStore|Any CPU.Deploy.0 = AppStore|iPhone
		{CEADAC46-09EC-4016-9A90-F40A51ED76BA}.AppStore|ARM.ActiveCfg = AppStore|iPhone
		{CEADAC46-09EC-4016-9A90-F40A51ED76BA}.AppStore|ARM.Build.0 = AppStore|iPhone
		{CEADAC46-09EC-4016-9A90-F40A51ED76BA}.AppStore|ARM.Deploy.0 = AppStore|iPhone
		{CEADAC46-09EC-4016-9A90-F40A51ED76BA}.AppStore|iPhone.ActiveCfg = AppStore|iPhone
		{CEADAC46-09EC-4016-9A90-F40A51ED76BA}.AppStore|iPhone.Build.0 = AppStore|iPhone
		{CEADAC46-09EC-4016-9A90-F40A51ED76BA}.AppStore|iPhone.Deploy.0 = AppStore|iPhone
		{CEADAC46-09EC-4016-9A90-F40A51ED76BA}.AppStore|iPhoneSimulator.ActiveCfg = AppStore|iPhoneSimulator
		{CEADAC46-09EC-4016-9A90-F40A51ED76BA}.AppStore|iPhoneSimulator.Build.0 = AppStore|iPhoneSimulator
		{CEADAC46-09EC-4016-9A90-F40A51ED76BA}.AppStore|iPhoneSimulator.Deploy.0 = AppStore|iPhoneSimulator
		{CEADAC46-09EC-4016-9A90-F40A51ED76BA}.AppStore|x64.ActiveCfg = AppStore|iPhone
		{CEADAC46-09EC-4016-9A90-F40A51ED76BA}.AppStore|x64.Build.0 = AppStore|iPhone
		{CEADAC46-09EC-4016-9A90-F40A51ED76BA}.AppStore|x64.Deploy.0 = AppStore|iPhone
		{CEADAC46-09EC-4016-9A90-F40A51ED76BA}.AppStore|x86.ActiveCfg = AppStore|iPhone
		{CEADAC46-09EC-4016-9A90-F40A51ED76BA}.AppStore|x86.Build.0 = AppStore|iPhone
		{CEADAC46-09EC-4016-9A90-F40A51ED76BA}.AppStore|x86.Deploy.0 = AppStore|iPhone
		{CEADAC46-09EC-4016-9A90-F40A51ED76BA}.Debug|Any CPU.ActiveCfg = Debug|iPhoneSimulator
		{CEADAC46-09EC-4016-9A90-F40A51ED76BA}.Debug|Any CPU.Build.0 = Debug|iPhoneSimulator
		{CEADAC46-09EC-4016-9A90-F40A51ED76BA}.Debug|Any CPU.Deploy.0 = Debug|iPhoneSimulator
		{CEADAC46-09EC-4016-9A90-F40A51ED76BA}.Debug|ARM.ActiveCfg = Debug|iPhone
		{CEADAC46-09EC-4016-9A90-F40A51ED76BA}.Debug|ARM.Build.0 = Debug|iPhone
		{CEADAC46-09EC-4016-9A90-F40A51ED76BA}.Debug|ARM.Deploy.0 = Debug|iPhone
		{CEADAC46-09EC-4016-9A90-F40A51ED76BA}.Debug|iPhone.ActiveCfg = Debug|iPhone
		{CEADAC46-09EC-4016-9A90-F40A51ED76BA}.Debug|iPhone.Build.0 = Debug|iPhone
		{CEADAC46-09EC-4016-9A90-F40A51ED76BA}.Debug|iPhone.Deploy.0 = Debug|iPhone
		{CEADAC46-09EC-4016-9A90-F40A51ED76BA}.Debug|iPhoneSimulator.ActiveCfg = Debug|iPhoneSimulator
		{CEADAC46-09EC-4016-9A90-F40A51ED76BA}.Debug|iPhoneSimulator.Build.0 = Debug|iPhoneSimulator
		{CEADAC46-09EC-4016-9A90-F40A51ED76BA}.Debug|iPhoneSimulator.Deploy.0 = Debug|iPhoneSimulator
		{CEADAC46-09EC-4016-9A90-F40A51ED76BA}.Debug|x64.ActiveCfg = Debug|iPhone
		{CEADAC46-09EC-4016-9A90-F40A51ED76BA}.Debug|x64.Build.0 = Debug|iPhone
		{CEADAC46-09EC-4016-9A90-F40A51ED76BA}.Debug|x64.Deploy.0 = Debug|iPhone
		{CEADAC46-09EC-4016-9A90-F40A51ED76BA}.Debug|x86.ActiveCfg = Debug|iPhone
		{CEADAC46-09EC-4016-9A90-F40A51ED76BA}.Debug|x86.Build.0 = Debug|iPhone
		{CEADAC46-09EC-4016-9A90-F40A51ED76BA}.Debug|x86.Deploy.0 = Debug|iPhone
		{CEADAC46-09EC-4016-9A90-F40A51ED76BA}.Release|Any CPU.ActiveCfg = Release|iPhone
		{CEADAC46-09EC-4016-9A90-F40A51ED76BA}.Release|Any CPU.Build.0 = Release|iPhone
		{CEADAC46-09EC-4016-9A90-F40A51ED76BA}.Release|Any CPU.Deploy.0 = Release|iPhone
		{CEADAC46-09EC-4016-9A90-F40A51ED76BA}.Release|ARM.ActiveCfg = Release|iPhone
		{CEADAC46-09EC-4016-9A90-F40A51ED76BA}.Release|ARM.Build.0 = Release|iPhone
		{CEADAC46-09EC-4016-9A90-F40A51ED76BA}.Release|ARM.Deploy.0 = Release|iPhone
		{CEADAC46-09EC-4016-9A90-F40A51ED76BA}.Release|iPhone.ActiveCfg = Release|iPhone
		{CEADAC46-09EC-4016-9A90-F40A51ED76BA}.Release|iPhone.Build.0 = Release|iPhone
		{CEADAC46-09EC-4016-9A90-F40A51ED76BA}.Release|iPhone.Deploy.0 = Release|iPhone
		{CEADAC46-09EC-4016-9A90-F40A51ED76BA}.Release|iPhoneSimulator.ActiveCfg = Release|iPhoneSimulator
		{CEADAC46-09EC-4016-9A90-F40A51ED76BA}.Release|iPhoneSimulator.Build.0 = Release|iPhoneSimulator
		{CEADAC46-09EC-4016-9A90-F40A51ED76BA}.Release|iPhoneSimulator.Deploy.0 = Release|iPhoneSimulator
		{CEADAC46-09EC-4016-9A90-F40A51ED76BA}.Release|x64.ActiveCfg = Release|iPhone
		{CEADAC46-09EC-4016-9A90-F40A51ED76BA}.Release|x64.Build.0 = Release|iPhone
		{CEADAC46-09EC-4016-9A90-F40A51ED76BA}.Release|x64.Deploy.0 = Release|iPhone
		{CEADAC46-09EC-4016-9A90-F40A51ED76BA}.Release|x86.ActiveCfg = Release|iPhone
		{CEADAC46-09EC-4016-9A90-F40A51ED76BA}.Release|x86.Build.0 = Release|iPhone
		{CEADAC46-09EC-4016-9A90-F40A51ED76BA}.Release|x86.Deploy.0 = Release|iPhone
		{6E143F72-8936-42AF-B21D-631C172BF7FB}.Ad-Hoc|Any CPU.ActiveCfg = Release|x86
		{6E143F72-8936-42AF-B21D-631C172BF7FB}.Ad-Hoc|Any CPU.Build.0 = Release|x86
		{6E143F72-8936-42AF-B21D-631C172BF7FB}.Ad-Hoc|Any CPU.Deploy.0 = Release|x86
		{6E143F72-8936-42AF-B21D-631C172BF7FB}.Ad-Hoc|ARM.ActiveCfg = Release|ARM
		{6E143F72-8936-42AF-B21D-631C172BF7FB}.Ad-Hoc|ARM.Build.0 = Release|ARM
		{6E143F72-8936-42AF-B21D-631C172BF7FB}.Ad-Hoc|ARM.Deploy.0 = Release|ARM
		{6E143F72-8936-42AF-B21D-631C172BF7FB}.Ad-Hoc|iPhone.ActiveCfg = Release|x86
		{6E143F72-8936-42AF-B21D-631C172BF7FB}.Ad-Hoc|iPhone.Build.0 = Release|x86
		{6E143F72-8936-42AF-B21D-631C172BF7FB}.Ad-Hoc|iPhone.Deploy.0 = Release|x86
		{6E143F72-8936-42AF-B21D-631C172BF7FB}.Ad-Hoc|iPhoneSimulator.ActiveCfg = Release|x86
		{6E143F72-8936-42AF-B21D-631C172BF7FB}.Ad-Hoc|iPhoneSimulator.Build.0 = Release|x86
		{6E143F72-8936-42AF-B21D-631C172BF7FB}.Ad-Hoc|iPhoneSimulator.Deploy.0 = Release|x86
		{6E143F72-8936-42AF-B21D-631C172BF7FB}.Ad-Hoc|x64.ActiveCfg = Release|x64
		{6E143F72-8936-42AF-B21D-631C172BF7FB}.Ad-Hoc|x64.Build.0 = Release|x64
		{6E143F72-8936-42AF-B21D-631C172BF7FB}.Ad-Hoc|x64.Deploy.0 = Release|x64
		{6E143F72-8936-42AF-B21D-631C172BF7FB}.Ad-Hoc|x86.ActiveCfg = Release|x86
		{6E143F72-8936-42AF-B21D-631C172BF7FB}.Ad-Hoc|x86.Build.0 = Release|x86
		{6E143F72-8936-42AF-B21D-631C172BF7FB}.Ad-Hoc|x86.Deploy.0 = Release|x86
		{6E143F72-8936-42AF-B21D-631C172BF7FB}.AppStore|Any CPU.ActiveCfg = Release|x86
		{6E143F72-8936-42AF-B21D-631C172BF7FB}.AppStore|Any CPU.Build.0 = Release|x86
		{6E143F72-8936-42AF-B21D-631C172BF7FB}.AppStore|Any CPU.Deploy.0 = Release|x86
		{6E143F72-8936-42AF-B21D-631C172BF7FB}.AppStore|ARM.ActiveCfg = Release|ARM
		{6E143F72-8936-42AF-B21D-631C172BF7FB}.AppStore|ARM.Build.0 = Release|ARM
		{6E143F72-8936-42AF-B21D-631C172BF7FB}.AppStore|ARM.Deploy.0 = Release|ARM
		{6E143F72-8936-42AF-B21D-631C172BF7FB}.AppStore|iPhone.ActiveCfg = Release|x86
		{6E143F72-8936-42AF-B21D-631C172BF7FB}.AppStore|iPhone.Build.0 = Release|x86
		{6E143F72-8936-42AF-B21D-631C172BF7FB}.AppStore|iPhone.Deploy.0 = Release|x86
		{6E143F72-8936-42AF-B21D-631C172BF7FB}.AppStore|iPhoneSimulator.ActiveCfg = Release|x86
		{6E143F72-8936-42AF-B21D-631C172BF7FB}.AppStore|iPhoneSimulator.Build.0 = Release|x86
		{6E143F72-8936-42AF-B21D-631C172BF7FB}.AppStore|iPhoneSimulator.Deploy.0 = Release|x86
		{6E143F72-8936-42AF-B21D-631C172BF7FB}.AppStore|x64.ActiveCfg = Release|x64
		{6E143F72-8936-42AF-B21D-631C172BF7FB}.AppStore|x64.Build.0 = Release|x64
		{6E143F72-8936-42AF-B21D-631C172BF7FB}.AppStore|x64.Deploy.0 = Release|x64
		{6E143F72-8936-42AF-B21D-631C172BF7FB}.AppStore|x86.ActiveCfg = Release|x86
		{6E143F72-8936-42AF-B21D-631C172BF7FB}.AppStore|x86.Build.0 = Release|x86
		{6E143F72-8936-42AF-B21D-631C172BF7FB}.AppStore|x86.Deploy.0 = Release|x86
		{6E143F72-8936-42AF-B21D-631C172BF7FB}.Debug|Any CPU.ActiveCfg = Debug|x86
		{6E143F72-8936-42AF-B21D-631C172BF7FB}.Debug|Any CPU.Build.0 = Debug|x86
		{6E143F72-8936-42AF-B21D-631C172BF7FB}.Debug|Any CPU.Deploy.0 = Debug|x86
		{6E143F72-8936-42AF-B21D-631C172BF7FB}.Debug|ARM.ActiveCfg = Debug|ARM
		{6E143F72-8936-42AF-B21D-631C172BF7FB}.Debug|ARM.Build.0 = Debug|ARM
		{6E143F72-8936-42AF-B21D-631C172BF7FB}.Debug|ARM.Deploy.0 = Debug|ARM
		{6E143F72-8936-42AF-B21D-631C172BF7FB}.Debug|iPhone.ActiveCfg = Debug|x86
		{6E143F72-8936-42AF-B21D-631C172BF7FB}.Debug|iPhone.Build.0 = Debug|x86
		{6E143F72-8936-42AF-B21D-631C172BF7FB}.Debug|iPhone.Deploy.0 = Debug|x86
		{6E143F72-8936-42AF-B21D-631C172BF7FB}.Debug|iPhoneSimulator.ActiveCfg = Debug|x86
		{6E143F72-8936-42AF-B21D-631C172BF7FB}.Debug|iPhoneSimulator.Build.0 = Debug|x86
		{6E143F72-8936-42AF-B21D-631C172BF7FB}.Debug|iPhoneSimulator.Deploy.0 = Debug|x86
		{6E143F72-8936-42AF-B21D-631C172BF7FB}.Debug|x64.ActiveCfg = Debug|x64
		{6E143F72-8936-42AF-B21D-631C172BF7FB}.Debug|x64.Build.0 = Debug|x64
		{6E143F72-8936-42AF-B21D-631C172BF7FB}.Debug|x64.Deploy.0 = Debug|x64
		{6E143F72-8936-42AF-B21D-631C172BF7FB}.Debug|x86.ActiveCfg = Debug|x86
		{6E143F72-8936-42AF-B21D-631C172BF7FB}.Debug|x86.Build.0 = Debug|x86
		{6E143F72-8936-42AF-B21D-631C172BF7FB}.Debug|x86.Deploy.0 = Debug|x86
		{6E143F72-8936-42AF-B21D-631C172BF7FB}.Release|Any CPU.ActiveCfg = Release|x86
		{6E143F72-8936-42AF-B21D-631C172BF7FB}.Release|Any CPU.Build.0 = Release|x86
		{6E143F72-8936-42AF-B21D-631C172BF7FB}.Release|Any CPU.Deploy.0 = Release|x86
		{6E143F72-8936-42AF-B21D-631C172BF7FB}.Release|ARM.ActiveCfg = Release|ARM
		{6E143F72-8936-42AF-B21D-631C172BF7FB}.Release|ARM.Build.0 = Release|ARM
		{6E143F72-8936-42AF-B21D-631C172BF7FB}.Release|ARM.Deploy.0 = Release|ARM
		{6E143F72-8936-42AF-B21D-631C172BF7FB}.Release|iPhone.ActiveCfg = Release|x86
		{6E143F72-8936-42AF-B21D-631C172BF7FB}.Release|iPhone.Build.0 = Release|x86
		{6E143F72-8936-42AF-B21D-631C172BF7FB}.Release|iPhone.Deploy.0 = Release|x86
		{6E143F72-8936-42AF-B21D-631C172BF7FB}.Release|iPhoneSimulator.ActiveCfg = Release|x86
		{6E143F72-8936-42AF-B21D-631C172BF7FB}.Release|iPhoneSimulator.Build.0 = Release|x86
		{6E143F72-8936-42AF-B21D-631C172BF7FB}.Release|iPhoneSimulator.Deploy.0 = Release|x86
		{6E143F72-8936-42AF-B21D-631C172BF7FB}.Release|x64.ActiveCfg = Release|x64
		{6E143F72-8936-42AF-B21D-631C172BF7FB}.Release|x64.Build.0 = Release|x64
		{6E143F72-8936-42AF-B21D-631C172BF7FB}.Release|x64.Deploy.0 = Release|x64
		{6E143F72-8936-42AF-B21D-631C172BF7FB}.Release|x86.ActiveCfg = Release|x86
		{6E143F72-8936-42AF-B21D-631C172BF7FB}.Release|x86.Build.0 = Release|x86
		{6E143F72-8936-42AF-B21D-631C172BF7FB}.Release|x86.Deploy.0 = Release|x86
		{35C2BEB3-CDE6-45AF-B344-86AC890BBA90}.Ad-Hoc|Any CPU.ActiveCfg = Debug|Any CPU
		{35C2BEB3-CDE6-45AF-B344-86AC890BBA90}.Ad-Hoc|Any CPU.Build.0 = Debug|Any CPU
		{35C2BEB3-CDE6-45AF-B344-86AC890BBA90}.Ad-Hoc|Any CPU.Deploy.0 = Debug|Any CPU
		{35C2BEB3-CDE6-45AF-B344-86AC890BBA90}.Ad-Hoc|ARM.ActiveCfg = Debug|Any CPU
		{35C2BEB3-CDE6-45AF-B344-86AC890BBA90}.Ad-Hoc|ARM.Build.0 = Debug|Any CPU
		{35C2BEB3-CDE6-45AF-B344-86AC890BBA90}.Ad-Hoc|ARM.Deploy.0 = Debug|Any CPU
		{35C2BEB3-CDE6-45AF-B344-86AC890BBA90}.Ad-Hoc|iPhone.ActiveCfg = Debug|Any CPU
		{35C2BEB3-CDE6-45AF-B344-86AC890BBA90}.Ad-Hoc|iPhone.Build.0 = Debug|Any CPU
		{35C2BEB3-CDE6-45AF-B344-86AC890BBA90}.Ad-Hoc|iPhone.Deploy.0 = Debug|Any CPU
		{35C2BEB3-CDE6-45AF-B344-86AC890BBA90}.Ad-Hoc|iPhoneSimulator.ActiveCfg = Debug|Any CPU
		{35C2BEB3-CDE6-45AF-B344-86AC890BBA90}.Ad-Hoc|iPhoneSimulator.Build.0 = Debug|Any CPU
		{35C2BEB3-CDE6-45AF-B344-86AC890BBA90}.Ad-Hoc|iPhoneSimulator.Deploy.0 = Debug|Any CPU
		{35C2BEB3-CDE6-45AF-B344-86AC890BBA90}.Ad-Hoc|x64.ActiveCfg = Debug|Any CPU
		{35C2BEB3-CDE6-45AF-B344-86AC890BBA90}.Ad-Hoc|x64.Build.0 = Debug|Any CPU
		{35C2BEB3-CDE6-45AF-B344-86AC890BBA90}.Ad-Hoc|x64.Deploy.0 = Debug|Any CPU
		{35C2BEB3-CDE6-45AF-B344-86AC890BBA90}.Ad-Hoc|x86.ActiveCfg = Debug|Any CPU
		{35C2BEB3-CDE6-45AF-B344-86AC890BBA90}.Ad-Hoc|x86.Build.0 = Debug|Any CPU
		{35C2BEB3-CDE6-45AF-B344-86AC890BBA90}.Ad-Hoc|x86.Deploy.0 = Debug|Any CPU
		{35C2BEB3-CDE6-45AF-B344-86AC890BBA90}.AppStore|Any CPU.ActiveCfg = Debug|Any CPU
		{35C2BEB3-CDE6-45AF-B344-86AC890BBA90}.AppStore|Any CPU.Build.0 = Debug|Any CPU
		{35C2BEB3-CDE6-45AF-B344-86AC890BBA90}.AppStore|Any CPU.Deploy.0 = Debug|Any CPU
		{35C2BEB3-CDE6-45AF-B344-86AC890BBA90}.AppStore|ARM.ActiveCfg = Debug|Any CPU
		{35C2BEB3-CDE6-45AF-B344-86AC890BBA90}.AppStore|ARM.Build.0 = Debug|Any CPU
		{35C2BEB3-CDE6-45AF-B344-86AC890BBA90}.AppStore|ARM.Deploy.0 = Debug|Any CPU
		{35C2BEB3-CDE6-45AF-B344-86AC890BBA90}.AppStore|iPhone.ActiveCfg = Debug|Any CPU
		{35C2BEB3-CDE6-45AF-B344-86AC890BBA90}.AppStore|iPhone.Build.0 = Debug|Any CPU
		{35C2BEB3-CDE6-45AF-B344-86AC890BBA90}.AppStore|iPhone.Deploy.0 = Debug|Any CPU
		{35C2BEB3-CDE6-45AF-B344-86AC890BBA90}.AppStore|iPhoneSimulator.ActiveCfg = Debug|Any CPU
		{35C2BEB3-CDE6-45AF-B344-86AC890BBA90}.AppStore|iPhoneSimulator.Build.0 = Debug|Any CPU
		{35C2BEB3-CDE6-45AF-B344-86AC890BBA90}.AppStore|iPhoneSimulator.Deploy.0 = Debug|Any CPU
		{35C2BEB3-CDE6-45AF-B344-86AC890BBA90}.AppStore|x64.ActiveCfg = Debug|Any CPU
		{35C2BEB3-CDE6-45AF-B344-86AC890BBA90}.AppStore|x64.Build.0 = Debug|Any CPU
		{35C2BEB3-CDE6-45AF-B344-86AC890BBA90}.AppStore|x64.Deploy.0 = Debug|Any CPU
		{35C2BEB3-CDE6-45AF-B344-86AC890BBA90}.AppStore|x86.ActiveCfg = Debug|Any CPU
		{35C2BEB3-CDE6-45AF-B344-86AC890BBA90}.AppStore|x86.Build.0 = Debug|Any CPU
		{35C2BEB3-CDE6-45AF-B344-86AC890BBA90}.AppStore|x86.Deploy.0 = Debug|Any CPU
		{35C2BEB3-CDE6-45AF-B344-86AC890BBA90}.Debug|Any CPU.ActiveCfg = Debug|Any CPU
		{35C2BEB3-CDE6-45AF-B344-86AC890BBA90}.Debug|Any CPU.Build.0 = Debug|Any CPU
		{35C2BEB3-CDE6-45AF-B344-86AC890BBA90}.Debug|Any CPU.Deploy.0 = Debug|Any CPU
		{35C2BEB3-CDE6-45AF-B344-86AC890BBA90}.Debug|ARM.ActiveCfg = Debug|Any CPU
		{35C2BEB3-CDE6-45AF-B344-86AC890BBA90}.Debug|ARM.Build.0 = Debug|Any CPU
		{35C2BEB3-CDE6-45AF-B344-86AC890BBA90}.Debug|ARM.Deploy.0 = Debug|Any CPU
		{35C2BEB3-CDE6-45AF-B344-86AC890BBA90}.Debug|iPhone.ActiveCfg = Debug|Any CPU
		{35C2BEB3-CDE6-45AF-B344-86AC890BBA90}.Debug|iPhone.Build.0 = Debug|Any CPU
		{35C2BEB3-CDE6-45AF-B344-86AC890BBA90}.Debug|iPhone.Deploy.0 = Debug|Any CPU
		{35C2BEB3-CDE6-45AF-B344-86AC890BBA90}.Debug|iPhoneSimulator.ActiveCfg = Debug|Any CPU
		{35C2BEB3-CDE6-45AF-B344-86AC890BBA90}.Debug|iPhoneSimulator.Build.0 = Debug|Any CPU
		{35C2BEB3-CDE6-45AF-B344-86AC890BBA90}.Debug|iPhoneSimulator.Deploy.0 = Debug|Any CPU
		{35C2BEB3-CDE6-45AF-B344-86AC890BBA90}.Debug|x64.ActiveCfg = Debug|Any CPU
		{35C2BEB3-CDE6-45AF-B344-86AC890BBA90}.Debug|x64.Build.0 = Debug|Any CPU
		{35C2BEB3-CDE6-45AF-B344-86AC890BBA90}.Debug|x64.Deploy.0 = Debug|Any CPU
		{35C2BEB3-CDE6-45AF-B344-86AC890BBA90}.Debug|x86.ActiveCfg = Debug|Any CPU
		{35C2BEB3-CDE6-45AF-B344-86AC890BBA90}.Debug|x86.Build.0 = Debug|Any CPU
		{35C2BEB3-CDE6-45AF-B344-86AC890BBA90}.Debug|x86.Deploy.0 = Debug|Any CPU
		{35C2BEB3-CDE6-45AF-B344-86AC890BBA90}.Release|Any CPU.ActiveCfg = Release|Any CPU
		{35C2BEB3-CDE6-45AF-B344-86AC890BBA90}.Release|Any CPU.Build.0 = Release|Any CPU
		{35C2BEB3-CDE6-45AF-B344-86AC890BBA90}.Release|Any CPU.Deploy.0 = Release|Any CPU
		{35C2BEB3-CDE6-45AF-B344-86AC890BBA90}.Release|ARM.ActiveCfg = Release|Any CPU
		{35C2BEB3-CDE6-45AF-B344-86AC890BBA90}.Release|ARM.Build.0 = Release|Any CPU
		{35C2BEB3-CDE6-45AF-B344-86AC890BBA90}.Release|ARM.Deploy.0 = Release|Any CPU
		{35C2BEB3-CDE6-45AF-B344-86AC890BBA90}.Release|iPhone.ActiveCfg = Release|Any CPU
		{35C2BEB3-CDE6-45AF-B344-86AC890BBA90}.Release|iPhone.Build.0 = Release|Any CPU
		{35C2BEB3-CDE6-45AF-B344-86AC890BBA90}.Release|iPhone.Deploy.0 = Release|Any CPU
		{35C2BEB3-CDE6-45AF-B344-86AC890BBA90}.Release|iPhoneSimulator.ActiveCfg = Release|Any CPU
		{35C2BEB3-CDE6-45AF-B344-86AC890BBA90}.Release|iPhoneSimulator.Build.0 = Release|Any CPU
		{35C2BEB3-CDE6-45AF-B344-86AC890BBA90}.Release|iPhoneSimulator.Deploy.0 = Release|Any CPU
		{35C2BEB3-CDE6-45AF-B344-86AC890BBA90}.Release|x64.ActiveCfg = Release|Any CPU
		{35C2BEB3-CDE6-45AF-B344-86AC890BBA90}.Release|x64.Build.0 = Release|Any CPU
		{35C2BEB3-CDE6-45AF-B344-86AC890BBA90}.Release|x64.Deploy.0 = Release|Any CPU
		{35C2BEB3-CDE6-45AF-B344-86AC890BBA90}.Release|x86.ActiveCfg = Release|Any CPU
		{35C2BEB3-CDE6-45AF-B344-86AC890BBA90}.Release|x86.Build.0 = Release|Any CPU
		{35C2BEB3-CDE6-45AF-B344-86AC890BBA90}.Release|x86.Deploy.0 = Release|Any CPU
		{5C94289A-B0C7-4C24-9A86-58DAF2B9D9C3}.Ad-Hoc|Any CPU.ActiveCfg = Debug|Any CPU
		{5C94289A-B0C7-4C24-9A86-58DAF2B9D9C3}.Ad-Hoc|Any CPU.Build.0 = Debug|Any CPU
		{5C94289A-B0C7-4C24-9A86-58DAF2B9D9C3}.Ad-Hoc|ARM.ActiveCfg = Debug|Any CPU
		{5C94289A-B0C7-4C24-9A86-58DAF2B9D9C3}.Ad-Hoc|ARM.Build.0 = Debug|Any CPU
		{5C94289A-B0C7-4C24-9A86-58DAF2B9D9C3}.Ad-Hoc|iPhone.ActiveCfg = Debug|Any CPU
		{5C94289A-B0C7-4C24-9A86-58DAF2B9D9C3}.Ad-Hoc|iPhone.Build.0 = Debug|Any CPU
		{5C94289A-B0C7-4C24-9A86-58DAF2B9D9C3}.Ad-Hoc|iPhoneSimulator.ActiveCfg = Debug|Any CPU
		{5C94289A-B0C7-4C24-9A86-58DAF2B9D9C3}.Ad-Hoc|iPhoneSimulator.Build.0 = Debug|Any CPU
		{5C94289A-B0C7-4C24-9A86-58DAF2B9D9C3}.Ad-Hoc|x64.ActiveCfg = Debug|Any CPU
		{5C94289A-B0C7-4C24-9A86-58DAF2B9D9C3}.Ad-Hoc|x64.Build.0 = Debug|Any CPU
		{5C94289A-B0C7-4C24-9A86-58DAF2B9D9C3}.Ad-Hoc|x86.ActiveCfg = Debug|Any CPU
		{5C94289A-B0C7-4C24-9A86-58DAF2B9D9C3}.Ad-Hoc|x86.Build.0 = Debug|Any CPU
		{5C94289A-B0C7-4C24-9A86-58DAF2B9D9C3}.AppStore|Any CPU.ActiveCfg = Debug|Any CPU
		{5C94289A-B0C7-4C24-9A86-58DAF2B9D9C3}.AppStore|Any CPU.Build.0 = Debug|Any CPU
		{5C94289A-B0C7-4C24-9A86-58DAF2B9D9C3}.AppStore|ARM.ActiveCfg = Debug|Any CPU
		{5C94289A-B0C7-4C24-9A86-58DAF2B9D9C3}.AppStore|ARM.Build.0 = Debug|Any CPU
		{5C94289A-B0C7-4C24-9A86-58DAF2B9D9C3}.AppStore|iPhone.ActiveCfg = Debug|Any CPU
		{5C94289A-B0C7-4C24-9A86-58DAF2B9D9C3}.AppStore|iPhone.Build.0 = Debug|Any CPU
		{5C94289A-B0C7-4C24-9A86-58DAF2B9D9C3}.AppStore|iPhoneSimulator.ActiveCfg = Debug|Any CPU
		{5C94289A-B0C7-4C24-9A86-58DAF2B9D9C3}.AppStore|iPhoneSimulator.Build.0 = Debug|Any CPU
		{5C94289A-B0C7-4C24-9A86-58DAF2B9D9C3}.AppStore|x64.ActiveCfg = Debug|Any CPU
		{5C94289A-B0C7-4C24-9A86-58DAF2B9D9C3}.AppStore|x64.Build.0 = Debug|Any CPU
		{5C94289A-B0C7-4C24-9A86-58DAF2B9D9C3}.AppStore|x86.ActiveCfg = Debug|Any CPU
		{5C94289A-B0C7-4C24-9A86-58DAF2B9D9C3}.AppStore|x86.Build.0 = Debug|Any CPU
		{5C94289A-B0C7-4C24-9A86-58DAF2B9D9C3}.Debug|Any CPU.ActiveCfg = Debug|Any CPU
		{5C94289A-B0C7-4C24-9A86-58DAF2B9D9C3}.Debug|Any CPU.Build.0 = Debug|Any CPU
		{5C94289A-B0C7-4C24-9A86-58DAF2B9D9C3}.Debug|ARM.ActiveCfg = Debug|Any CPU
		{5C94289A-B0C7-4C24-9A86-58DAF2B9D9C3}.Debug|ARM.Build.0 = Debug|Any CPU
		{5C94289A-B0C7-4C24-9A86-58DAF2B9D9C3}.Debug|iPhone.ActiveCfg = Debug|Any CPU
		{5C94289A-B0C7-4C24-9A86-58DAF2B9D9C3}.Debug|iPhone.Build.0 = Debug|Any CPU
		{5C94289A-B0C7-4C24-9A86-58DAF2B9D9C3}.Debug|iPhoneSimulator.ActiveCfg = Debug|Any CPU
		{5C94289A-B0C7-4C24-9A86-58DAF2B9D9C3}.Debug|iPhoneSimulator.Build.0 = Debug|Any CPU
		{5C94289A-B0C7-4C24-9A86-58DAF2B9D9C3}.Debug|x64.ActiveCfg = Debug|Any CPU
		{5C94289A-B0C7-4C24-9A86-58DAF2B9D9C3}.Debug|x64.Build.0 = Debug|Any CPU
		{5C94289A-B0C7-4C24-9A86-58DAF2B9D9C3}.Debug|x86.ActiveCfg = Debug|Any CPU
		{5C94289A-B0C7-4C24-9A86-58DAF2B9D9C3}.Debug|x86.Build.0 = Debug|Any CPU
		{5C94289A-B0C7-4C24-9A86-58DAF2B9D9C3}.Release|Any CPU.ActiveCfg = Release|Any CPU
		{5C94289A-B0C7-4C24-9A86-58DAF2B9D9C3}.Release|Any CPU.Build.0 = Release|Any CPU
		{5C94289A-B0C7-4C24-9A86-58DAF2B9D9C3}.Release|ARM.ActiveCfg = Release|Any CPU
		{5C94289A-B0C7-4C24-9A86-58DAF2B9D9C3}.Release|ARM.Build.0 = Release|Any CPU
		{5C94289A-B0C7-4C24-9A86-58DAF2B9D9C3}.Release|iPhone.ActiveCfg = Release|Any CPU
		{5C94289A-B0C7-4C24-9A86-58DAF2B9D9C3}.Release|iPhone.Build.0 = Release|Any CPU
		{5C94289A-B0C7-4C24-9A86-58DAF2B9D9C3}.Release|iPhoneSimulator.ActiveCfg = Release|Any CPU
		{5C94289A-B0C7-4C24-9A86-58DAF2B9D9C3}.Release|iPhoneSimulator.Build.0 = Release|Any CPU
		{5C94289A-B0C7-4C24-9A86-58DAF2B9D9C3}.Release|x64.ActiveCfg = Release|Any CPU
		{5C94289A-B0C7-4C24-9A86-58DAF2B9D9C3}.Release|x64.Build.0 = Release|Any CPU
		{5C94289A-B0C7-4C24-9A86-58DAF2B9D9C3}.Release|x86.ActiveCfg = Release|Any CPU
		{5C94289A-B0C7-4C24-9A86-58DAF2B9D9C3}.Release|x86.Build.0 = Release|Any CPU
		{6FC78897-2324-4B73-98FF-8B7FCBDD95DC}.Ad-Hoc|Any CPU.ActiveCfg = Debug|Any CPU
		{6FC78897-2324-4B73-98FF-8B7FCBDD95DC}.Ad-Hoc|Any CPU.Build.0 = Debug|Any CPU
		{6FC78897-2324-4B73-98FF-8B7FCBDD95DC}.Ad-Hoc|ARM.ActiveCfg = Debug|Any CPU
		{6FC78897-2324-4B73-98FF-8B7FCBDD95DC}.Ad-Hoc|ARM.Build.0 = Debug|Any CPU
		{6FC78897-2324-4B73-98FF-8B7FCBDD95DC}.Ad-Hoc|iPhone.ActiveCfg = Debug|Any CPU
		{6FC78897-2324-4B73-98FF-8B7FCBDD95DC}.Ad-Hoc|iPhone.Build.0 = Debug|Any CPU
		{6FC78897-2324-4B73-98FF-8B7FCBDD95DC}.Ad-Hoc|iPhoneSimulator.ActiveCfg = Debug|Any CPU
		{6FC78897-2324-4B73-98FF-8B7FCBDD95DC}.Ad-Hoc|iPhoneSimulator.Build.0 = Debug|Any CPU
		{6FC78897-2324-4B73-98FF-8B7FCBDD95DC}.Ad-Hoc|x64.ActiveCfg = Debug|Any CPU
		{6FC78897-2324-4B73-98FF-8B7FCBDD95DC}.Ad-Hoc|x64.Build.0 = Debug|Any CPU
		{6FC78897-2324-4B73-98FF-8B7FCBDD95DC}.Ad-Hoc|x86.ActiveCfg = Debug|Any CPU
		{6FC78897-2324-4B73-98FF-8B7FCBDD95DC}.Ad-Hoc|x86.Build.0 = Debug|Any CPU
		{6FC78897-2324-4B73-98FF-8B7FCBDD95DC}.AppStore|Any CPU.ActiveCfg = Debug|Any CPU
		{6FC78897-2324-4B73-98FF-8B7FCBDD95DC}.AppStore|Any CPU.Build.0 = Debug|Any CPU
		{6FC78897-2324-4B73-98FF-8B7FCBDD95DC}.AppStore|ARM.ActiveCfg = Debug|Any CPU
		{6FC78897-2324-4B73-98FF-8B7FCBDD95DC}.AppStore|ARM.Build.0 = Debug|Any CPU
		{6FC78897-2324-4B73-98FF-8B7FCBDD95DC}.AppStore|iPhone.ActiveCfg = Debug|Any CPU
		{6FC78897-2324-4B73-98FF-8B7FCBDD95DC}.AppStore|iPhone.Build.0 = Debug|Any CPU
		{6FC78897-2324-4B73-98FF-8B7FCBDD95DC}.AppStore|iPhoneSimulator.ActiveCfg = Debug|Any CPU
		{6FC78897-2324-4B73-98FF-8B7FCBDD95DC}.AppStore|iPhoneSimulator.Build.0 = Debug|Any CPU
		{6FC78897-2324-4B73-98FF-8B7FCBDD95DC}.AppStore|x64.ActiveCfg = Debug|Any CPU
		{6FC78897-2324-4B73-98FF-8B7FCBDD95DC}.AppStore|x64.Build.0 = Debug|Any CPU
		{6FC78897-2324-4B73-98FF-8B7FCBDD95DC}.AppStore|x86.ActiveCfg = Debug|Any CPU
		{6FC78897-2324-4B73-98FF-8B7FCBDD95DC}.AppStore|x86.Build.0 = Debug|Any CPU
		{6FC78897-2324-4B73-98FF-8B7FCBDD95DC}.Debug|Any CPU.ActiveCfg = Debug|Any CPU
		{6FC78897-2324-4B73-98FF-8B7FCBDD95DC}.Debug|Any CPU.Build.0 = Debug|Any CPU
		{6FC78897-2324-4B73-98FF-8B7FCBDD95DC}.Debug|ARM.ActiveCfg = Debug|Any CPU
		{6FC78897-2324-4B73-98FF-8B7FCBDD95DC}.Debug|ARM.Build.0 = Debug|Any CPU
		{6FC78897-2324-4B73-98FF-8B7FCBDD95DC}.Debug|iPhone.ActiveCfg = Debug|Any CPU
		{6FC78897-2324-4B73-98FF-8B7FCBDD95DC}.Debug|iPhone.Build.0 = Debug|Any CPU
		{6FC78897-2324-4B73-98FF-8B7FCBDD95DC}.Debug|iPhoneSimulator.ActiveCfg = Debug|Any CPU
		{6FC78897-2324-4B73-98FF-8B7FCBDD95DC}.Debug|iPhoneSimulator.Build.0 = Debug|Any CPU
		{6FC78897-2324-4B73-98FF-8B7FCBDD95DC}.Debug|x64.ActiveCfg = Debug|Any CPU
		{6FC78897-2324-4B73-98FF-8B7FCBDD95DC}.Debug|x64.Build.0 = Debug|Any CPU
		{6FC78897-2324-4B73-98FF-8B7FCBDD95DC}.Debug|x86.ActiveCfg = Debug|Any CPU
		{6FC78897-2324-4B73-98FF-8B7FCBDD95DC}.Debug|x86.Build.0 = Debug|Any CPU
		{6FC78897-2324-4B73-98FF-8B7FCBDD95DC}.Release|Any CPU.ActiveCfg = Release|Any CPU
		{6FC78897-2324-4B73-98FF-8B7FCBDD95DC}.Release|Any CPU.Build.0 = Release|Any CPU
		{6FC78897-2324-4B73-98FF-8B7FCBDD95DC}.Release|ARM.ActiveCfg = Release|Any CPU
		{6FC78897-2324-4B73-98FF-8B7FCBDD95DC}.Release|ARM.Build.0 = Release|Any CPU
		{6FC78897-2324-4B73-98FF-8B7FCBDD95DC}.Release|iPhone.ActiveCfg = Release|Any CPU
		{6FC78897-2324-4B73-98FF-8B7FCBDD95DC}.Release|iPhone.Build.0 = Release|Any CPU
		{6FC78897-2324-4B73-98FF-8B7FCBDD95DC}.Release|iPhoneSimulator.ActiveCfg = Release|Any CPU
		{6FC78897-2324-4B73-98FF-8B7FCBDD95DC}.Release|iPhoneSimulator.Build.0 = Release|Any CPU
		{6FC78897-2324-4B73-98FF-8B7FCBDD95DC}.Release|x64.ActiveCfg = Release|Any CPU
		{6FC78897-2324-4B73-98FF-8B7FCBDD95DC}.Release|x64.Build.0 = Release|Any CPU
		{6FC78897-2324-4B73-98FF-8B7FCBDD95DC}.Release|x86.ActiveCfg = Release|Any CPU
		{6FC78897-2324-4B73-98FF-8B7FCBDD95DC}.Release|x86.Build.0 = Release|Any CPU
		{12795C63-B44B-4094-8AC1-49874B27FA2B}.Ad-Hoc|Any CPU.ActiveCfg = Debug|Any CPU
		{12795C63-B44B-4094-8AC1-49874B27FA2B}.Ad-Hoc|Any CPU.Build.0 = Debug|Any CPU
		{12795C63-B44B-4094-8AC1-49874B27FA2B}.Ad-Hoc|ARM.ActiveCfg = Debug|Any CPU
		{12795C63-B44B-4094-8AC1-49874B27FA2B}.Ad-Hoc|ARM.Build.0 = Debug|Any CPU
		{12795C63-B44B-4094-8AC1-49874B27FA2B}.Ad-Hoc|iPhone.ActiveCfg = Debug|Any CPU
		{12795C63-B44B-4094-8AC1-49874B27FA2B}.Ad-Hoc|iPhone.Build.0 = Debug|Any CPU
		{12795C63-B44B-4094-8AC1-49874B27FA2B}.Ad-Hoc|iPhoneSimulator.ActiveCfg = Debug|Any CPU
		{12795C63-B44B-4094-8AC1-49874B27FA2B}.Ad-Hoc|iPhoneSimulator.Build.0 = Debug|Any CPU
		{12795C63-B44B-4094-8AC1-49874B27FA2B}.Ad-Hoc|x64.ActiveCfg = Debug|Any CPU
		{12795C63-B44B-4094-8AC1-49874B27FA2B}.Ad-Hoc|x64.Build.0 = Debug|Any CPU
		{12795C63-B44B-4094-8AC1-49874B27FA2B}.Ad-Hoc|x86.ActiveCfg = Debug|Any CPU
		{12795C63-B44B-4094-8AC1-49874B27FA2B}.Ad-Hoc|x86.Build.0 = Debug|Any CPU
		{12795C63-B44B-4094-8AC1-49874B27FA2B}.AppStore|Any CPU.ActiveCfg = Debug|Any CPU
		{12795C63-B44B-4094-8AC1-49874B27FA2B}.AppStore|Any CPU.Build.0 = Debug|Any CPU
		{12795C63-B44B-4094-8AC1-49874B27FA2B}.AppStore|ARM.ActiveCfg = Debug|Any CPU
		{12795C63-B44B-4094-8AC1-49874B27FA2B}.AppStore|ARM.Build.0 = Debug|Any CPU
		{12795C63-B44B-4094-8AC1-49874B27FA2B}.AppStore|iPhone.ActiveCfg = Debug|Any CPU
		{12795C63-B44B-4094-8AC1-49874B27FA2B}.AppStore|iPhone.Build.0 = Debug|Any CPU
		{12795C63-B44B-4094-8AC1-49874B27FA2B}.AppStore|iPhoneSimulator.ActiveCfg = Debug|Any CPU
		{12795C63-B44B-4094-8AC1-49874B27FA2B}.AppStore|iPhoneSimulator.Build.0 = Debug|Any CPU
		{12795C63-B44B-4094-8AC1-49874B27FA2B}.AppStore|x64.ActiveCfg = Debug|Any CPU
		{12795C63-B44B-4094-8AC1-49874B27FA2B}.AppStore|x64.Build.0 = Debug|Any CPU
		{12795C63-B44B-4094-8AC1-49874B27FA2B}.AppStore|x86.ActiveCfg = Debug|Any CPU
		{12795C63-B44B-4094-8AC1-49874B27FA2B}.AppStore|x86.Build.0 = Debug|Any CPU
		{12795C63-B44B-4094-8AC1-49874B27FA2B}.Debug|Any CPU.ActiveCfg = Debug|Any CPU
		{12795C63-B44B-4094-8AC1-49874B27FA2B}.Debug|Any CPU.Build.0 = Debug|Any CPU
		{12795C63-B44B-4094-8AC1-49874B27FA2B}.Debug|ARM.ActiveCfg = Debug|Any CPU
		{12795C63-B44B-4094-8AC1-49874B27FA2B}.Debug|ARM.Build.0 = Debug|Any CPU
		{12795C63-B44B-4094-8AC1-49874B27FA2B}.Debug|iPhone.ActiveCfg = Debug|Any CPU
		{12795C63-B44B-4094-8AC1-49874B27FA2B}.Debug|iPhone.Build.0 = Debug|Any CPU
		{12795C63-B44B-4094-8AC1-49874B27FA2B}.Debug|iPhoneSimulator.ActiveCfg = Debug|Any CPU
		{12795C63-B44B-4094-8AC1-49874B27FA2B}.Debug|iPhoneSimulator.Build.0 = Debug|Any CPU
		{12795C63-B44B-4094-8AC1-49874B27FA2B}.Debug|x64.ActiveCfg = Debug|Any CPU
		{12795C63-B44B-4094-8AC1-49874B27FA2B}.Debug|x64.Build.0 = Debug|Any CPU
		{12795C63-B44B-4094-8AC1-49874B27FA2B}.Debug|x86.ActiveCfg = Debug|Any CPU
		{12795C63-B44B-4094-8AC1-49874B27FA2B}.Debug|x86.Build.0 = Debug|Any CPU
		{12795C63-B44B-4094-8AC1-49874B27FA2B}.Release|Any CPU.ActiveCfg = Release|Any CPU
		{12795C63-B44B-4094-8AC1-49874B27FA2B}.Release|Any CPU.Build.0 = Release|Any CPU
		{12795C63-B44B-4094-8AC1-49874B27FA2B}.Release|ARM.ActiveCfg = Release|Any CPU
		{12795C63-B44B-4094-8AC1-49874B27FA2B}.Release|ARM.Build.0 = Release|Any CPU
		{12795C63-B44B-4094-8AC1-49874B27FA2B}.Release|iPhone.ActiveCfg = Release|Any CPU
		{12795C63-B44B-4094-8AC1-49874B27FA2B}.Release|iPhone.Build.0 = Release|Any CPU
		{12795C63-B44B-4094-8AC1-49874B27FA2B}.Release|iPhoneSimulator.ActiveCfg = Release|Any CPU
		{12795C63-B44B-4094-8AC1-49874B27FA2B}.Release|iPhoneSimulator.Build.0 = Release|Any CPU
		{12795C63-B44B-4094-8AC1-49874B27FA2B}.Release|x64.ActiveCfg = Release|Any CPU
		{12795C63-B44B-4094-8AC1-49874B27FA2B}.Release|x64.Build.0 = Release|Any CPU
		{12795C63-B44B-4094-8AC1-49874B27FA2B}.Release|x86.ActiveCfg = Release|Any CPU
		{12795C63-B44B-4094-8AC1-49874B27FA2B}.Release|x86.Build.0 = Release|Any CPU
		{C829C35B-5973-4D35-B25B-DCA052758553}.Ad-Hoc|Any CPU.ActiveCfg = Debug|Any CPU
		{C829C35B-5973-4D35-B25B-DCA052758553}.Ad-Hoc|Any CPU.Build.0 = Debug|Any CPU
		{C829C35B-5973-4D35-B25B-DCA052758553}.Ad-Hoc|ARM.ActiveCfg = Debug|Any CPU
		{C829C35B-5973-4D35-B25B-DCA052758553}.Ad-Hoc|ARM.Build.0 = Debug|Any CPU
		{C829C35B-5973-4D35-B25B-DCA052758553}.Ad-Hoc|iPhone.ActiveCfg = Debug|Any CPU
		{C829C35B-5973-4D35-B25B-DCA052758553}.Ad-Hoc|iPhone.Build.0 = Debug|Any CPU
		{C829C35B-5973-4D35-B25B-DCA052758553}.Ad-Hoc|iPhoneSimulator.ActiveCfg = Debug|Any CPU
		{C829C35B-5973-4D35-B25B-DCA052758553}.Ad-Hoc|iPhoneSimulator.Build.0 = Debug|Any CPU
		{C829C35B-5973-4D35-B25B-DCA052758553}.Ad-Hoc|x64.ActiveCfg = Debug|Any CPU
		{C829C35B-5973-4D35-B25B-DCA052758553}.Ad-Hoc|x64.Build.0 = Debug|Any CPU
		{C829C35B-5973-4D35-B25B-DCA052758553}.Ad-Hoc|x86.ActiveCfg = Debug|Any CPU
		{C829C35B-5973-4D35-B25B-DCA052758553}.Ad-Hoc|x86.Build.0 = Debug|Any CPU
		{C829C35B-5973-4D35-B25B-DCA052758553}.AppStore|Any CPU.ActiveCfg = Debug|Any CPU
		{C829C35B-5973-4D35-B25B-DCA052758553}.AppStore|Any CPU.Build.0 = Debug|Any CPU
		{C829C35B-5973-4D35-B25B-DCA052758553}.AppStore|ARM.ActiveCfg = Debug|Any CPU
		{C829C35B-5973-4D35-B25B-DCA052758553}.AppStore|ARM.Build.0 = Debug|Any CPU
		{C829C35B-5973-4D35-B25B-DCA052758553}.AppStore|iPhone.ActiveCfg = Debug|Any CPU
		{C829C35B-5973-4D35-B25B-DCA052758553}.AppStore|iPhone.Build.0 = Debug|Any CPU
		{C829C35B-5973-4D35-B25B-DCA052758553}.AppStore|iPhoneSimulator.ActiveCfg = Debug|Any CPU
		{C829C35B-5973-4D35-B25B-DCA052758553}.AppStore|iPhoneSimulator.Build.0 = Debug|Any CPU
		{C829C35B-5973-4D35-B25B-DCA052758553}.AppStore|x64.ActiveCfg = Debug|Any CPU
		{C829C35B-5973-4D35-B25B-DCA052758553}.AppStore|x64.Build.0 = Debug|Any CPU
		{C829C35B-5973-4D35-B25B-DCA052758553}.AppStore|x86.ActiveCfg = Debug|Any CPU
		{C829C35B-5973-4D35-B25B-DCA052758553}.AppStore|x86.Build.0 = Debug|Any CPU
		{C829C35B-5973-4D35-B25B-DCA052758553}.Debug|Any CPU.ActiveCfg = Debug|Any CPU
		{C829C35B-5973-4D35-B25B-DCA052758553}.Debug|Any CPU.Build.0 = Debug|Any CPU
		{C829C35B-5973-4D35-B25B-DCA052758553}.Debug|ARM.ActiveCfg = Debug|Any CPU
		{C829C35B-5973-4D35-B25B-DCA052758553}.Debug|ARM.Build.0 = Debug|Any CPU
		{C829C35B-5973-4D35-B25B-DCA052758553}.Debug|iPhone.ActiveCfg = Debug|Any CPU
		{C829C35B-5973-4D35-B25B-DCA052758553}.Debug|iPhone.Build.0 = Debug|Any CPU
		{C829C35B-5973-4D35-B25B-DCA052758553}.Debug|iPhoneSimulator.ActiveCfg = Debug|Any CPU
		{C829C35B-5973-4D35-B25B-DCA052758553}.Debug|iPhoneSimulator.Build.0 = Debug|Any CPU
		{C829C35B-5973-4D35-B25B-DCA052758553}.Debug|x64.ActiveCfg = Debug|Any CPU
		{C829C35B-5973-4D35-B25B-DCA052758553}.Debug|x64.Build.0 = Debug|Any CPU
		{C829C35B-5973-4D35-B25B-DCA052758553}.Debug|x86.ActiveCfg = Debug|Any CPU
		{C829C35B-5973-4D35-B25B-DCA052758553}.Debug|x86.Build.0 = Debug|Any CPU
		{C829C35B-5973-4D35-B25B-DCA052758553}.Release|Any CPU.ActiveCfg = Release|Any CPU
		{C829C35B-5973-4D35-B25B-DCA052758553}.Release|Any CPU.Build.0 = Release|Any CPU
		{C829C35B-5973-4D35-B25B-DCA052758553}.Release|ARM.ActiveCfg = Release|Any CPU
		{C829C35B-5973-4D35-B25B-DCA052758553}.Release|ARM.Build.0 = Release|Any CPU
		{C829C35B-5973-4D35-B25B-DCA052758553}.Release|iPhone.ActiveCfg = Release|Any CPU
		{C829C35B-5973-4D35-B25B-DCA052758553}.Release|iPhone.Build.0 = Release|Any CPU
		{C829C35B-5973-4D35-B25B-DCA052758553}.Release|iPhoneSimulator.ActiveCfg = Release|Any CPU
		{C829C35B-5973-4D35-B25B-DCA052758553}.Release|iPhoneSimulator.Build.0 = Release|Any CPU
		{C829C35B-5973-4D35-B25B-DCA052758553}.Release|x64.ActiveCfg = Release|Any CPU
		{C829C35B-5973-4D35-B25B-DCA052758553}.Release|x64.Build.0 = Release|Any CPU
		{C829C35B-5973-4D35-B25B-DCA052758553}.Release|x86.ActiveCfg = Release|Any CPU
		{C829C35B-5973-4D35-B25B-DCA052758553}.Release|x86.Build.0 = Release|Any CPU
	EndGlobalSection
	GlobalSection(SolutionProperties) = preSolution
		HideSolutionNode = FALSE
	EndGlobalSection
	GlobalSection(ExtensibilityGlobals) = postSolution
		SolutionGuid = {1471A4D7-B9FF-4D05-976A-8956F3FDEA32}
	EndGlobalSection
EndGlobal
